{
  "version": 4,
  "terraform_version": "1.9.7",
  "serial": 31,
  "lineage": "2b56b26f-2dff-2689-854a-4c983cdf1541",
  "outputs": {
    "private_key_pem": {
      "value": "-----BEGIN RSA PRIVATE KEY-----\nMIIEpAIBAAKCAQEAy5s86SbhoOPuZfPh3b1R8MJkf7FuvxYWzy3s/UhekxLM/DUL\n6fXO/1zCILPCanvhNTultuJq4osWBvG/jdn27Xc8YyiK5YjfjhGDblVofAGlu5Si\nLytuWmLPwGnQy0VLK9OyA8oNdxJwuCIErKBFRwmXdjUfyLE+cxRn7hwpwhMEQaTU\nGRsD9lf5r1r6lkbnE8k8MFGzuc7niZoicr00peeblPbOs8j4dXN3yRH2ZRQmV465\niDXog7wDtwpU6PpA92mN3o1yqeIDS9GYfqHaUYc48bZZOB3Rht+WJNqOiUhj6uGc\n7lA6zWpvbfEoHKqyfHzdDNQ0bh/6XnYLQ0F1twIDAQABAoIBABQiGyFQ+3Gt6EaD\nmbuT+3TLvCVWVcWmeQXunCclj1iKvONZmX5+lIPy161lKR3fdxMM/WN6uygAqeJw\n6EiuG3k616lUenudD8IcIDt6TZUpkopcdbclW8mrSLDVpdRb20WPruQqCC/Ujnne\nv0iUppUSMTx6n1R4llzJ0Ucd2NE8Y+NTldqzCtBKhlYN7eZCDJeBA4QAUHhK6Qzd\n+9uNK0fxWnO2LfUfNpxU1C1oRZmR5fMltV1NREgRs/41cZWvB3lifsMm4jiAoSKC\n3O9knGSKs7cta2vhT1o4IjPqFDrXJdjhch8fQFhT29lol0BTHN9mTHIjbmMtOWth\n0YuMuUUCgYEA9Y9dCYLQq5SE0XQ/rIEKUxcr5zgy5/PnRIwgVX7Jhd48g0qSci0g\nFdsTjnwMiQObGTteMm0WYKBd6Or2KsSrcy/8YFqaAb6Ly2KfuZq31B4HzAfKQebL\ngkG/gE2DywFdVbYHW9pCjNjqkRokzzvy35B8I9LEUKwqTigBioX6D1UCgYEA1ENC\nCVimXgSVhvnbVN6+fXK5iU9tzao81NUF8uTwjIGu6T1j65MdvvgtXeKP8ddKfvnf\n9e56vYAYy0LY8BZCjTbs3adwUMSrTX5q/oq76ayDB6HsJXzJGyoL5v0SsbfcLNcK\ncqv8yxDVvcQlwZWMilqqACMsw/QQoToFTfGM+NsCgYB2yLDCpwr11NQi1c7vTUSH\nSRAtuxu05GEc4YPKl5g4L3aqM+p/XKDGscDWDd+qb5oZLIS2c9p9R1XmE7KcoaIm\nCDJXEbyp11icO8rz54nBC/3Njn8iPdh33AIcuGJmUvSpP3Jz1jKXG17sbe8cZ+1m\ng+fpFE1ukLmuMN/9+C0sOQKBgQDKh7JGwLNdGfqiY10HydDwWbr2bTdT+Y85dFjM\nve1X45VFLzJb4G+Ne7et0TOPieCm7zzmp7mtfsApkYr06ghuPW4cwFrGdiENPAZT\nAYTzHYuYiMONsVch+CiLKgXgVJJcpoJtj/UQvOt0uedcopkKmh+DKgzYm9QSQg41\npLjh6QKBgQDW1bZeAAmGtc6cB22B//8wFKgeJLNfb8CFjdQhL2VXKWTZU6bU+7qG\nK2TeyvB1b+zwFzFxlmFWjtVOxOy0nocOaJW/E4wyn/gukeSnGTkQoAe5exI96xEm\nYa1znlyb08qdZWuuJtIaZ7Lag4HTd+qAOjRCn4p4zXtjPXySpFEMJg==\n-----END RSA PRIVATE KEY-----\n",
      "type": "string",
      "sensitive": true
    }
  },
  "resources": [
    {
      "mode": "data",
      "type": "aws_ami",
      "name": "amazon_linux",
      "provider": "provider[\"registry.terraform.io/hashicorp/aws\"]",
      "instances": [
        {
          "schema_version": 0,
          "attributes": {
            "architecture": "x86_64",
            "arn": "arn:aws:ec2:us-east-1::image/ami-02b3c03c6fadb6e2c",
            "block_device_mappings": [
              {
                "device_name": "/dev/xvda",
                "ebs": {
                  "delete_on_termination": "true",
                  "encrypted": "false",
                  "iops": "0",
                  "snapshot_id": "snap-04ce47de64ef52a80",
                  "throughput": "0",
                  "volume_initialization_rate": "0",
                  "volume_size": "8",
                  "volume_type": "gp2"
                },
                "no_device": "",
                "virtual_name": ""
              }
            ],
            "boot_mode": "",
            "creation_date": "2025-06-11T01:27:34.000Z",
            "deprecation_time": "2025-09-09T01:28:00.000Z",
            "description": "Amazon Linux 2 AMI 2.0.20250610.0 x86_64 HVM gp2",
            "ena_support": true,
            "executable_users": null,
            "filter": [
              {
                "name": "name",
                "values": [
                  "amzn2-ami-hvm-*-x86_64-gp2"
                ]
              }
            ],
            "hypervisor": "xen",
            "id": "ami-02b3c03c6fadb6e2c",
            "image_id": "ami-02b3c03c6fadb6e2c",
            "image_location": "amazon/amzn2-ami-hvm-2.0.20250610.0-x86_64-gp2",
            "image_owner_alias": "amazon",
            "image_type": "machine",
            "imds_support": "",
            "include_deprecated": false,
            "kernel_id": "",
            "last_launched_time": "",
            "most_recent": true,
            "name": "amzn2-ami-hvm-2.0.20250610.0-x86_64-gp2",
            "name_regex": null,
            "owner_id": "137112412989",
            "owners": [
              "amazon"
            ],
            "platform": "",
            "platform_details": "Linux/UNIX",
            "product_codes": [],
            "public": true,
            "ramdisk_id": "",
            "root_device_name": "/dev/xvda",
            "root_device_type": "ebs",
            "root_snapshot_id": "snap-04ce47de64ef52a80",
            "sriov_net_support": "simple",
            "state": "available",
            "state_reason": {
              "code": "UNSET",
              "message": "UNSET"
            },
            "tags": {},
            "timeouts": null,
            "tpm_support": "",
            "uefi_data": null,
            "usage_operation": "RunInstances",
            "virtualization_type": "hvm"
          },
          "sensitive_attributes": []
        }
      ]
    },
    {
      "mode": "data",
      "type": "aws_subnet",
      "name": "mysubnet",
      "provider": "provider[\"registry.terraform.io/hashicorp/aws\"]",
      "instances": [
        {
          "schema_version": 0,
          "attributes": {
            "arn": "arn:aws:ec2:us-east-1:301513182917:subnet/subnet-0174ff4ac97ed3982",
            "assign_ipv6_address_on_creation": false,
            "availability_zone": "us-east-1f",
            "availability_zone_id": "use1-az5",
            "available_ip_address_count": 507,
            "cidr_block": "10.0.0.0/23",
            "customer_owned_ipv4_pool": "",
            "default_for_az": false,
            "enable_dns64": false,
            "enable_lni_at_device_index": 0,
            "enable_resource_name_dns_a_record_on_launch": false,
            "enable_resource_name_dns_aaaa_record_on_launch": false,
            "filter": null,
            "id": "subnet-0174ff4ac97ed3982",
            "ipv6_cidr_block": "",
            "ipv6_cidr_block_association_id": "",
            "ipv6_native": false,
            "map_customer_owned_ip_on_launch": false,
            "map_public_ip_on_launch": false,
            "outpost_arn": "",
            "owner_id": "301513182917",
            "private_dns_hostname_type_on_launch": "ip-name",
            "state": "available",
            "tags": {
              "Name": "my-subnet-02"
            },
            "timeouts": null,
            "vpc_id": "vpc-0238c1e19117f994b"
          },
          "sensitive_attributes": []
        }
      ]
    },
    {
      "mode": "data",
      "type": "aws_vpc",
      "name": "selected",
      "provider": "provider[\"registry.terraform.io/hashicorp/aws\"]",
      "instances": [
        {
          "schema_version": 0,
          "attributes": {
            "arn": "arn:aws:ec2:us-east-1:301513182917:vpc/vpc-0238c1e19117f994b",
            "cidr_block": "10.0.0.0/16",
            "cidr_block_associations": [
              {
                "association_id": "vpc-cidr-assoc-079f3e2907d0722ca",
                "cidr_block": "10.0.0.0/16",
                "state": "associated"
              }
            ],
            "default": false,
            "dhcp_options_id": "dopt-05a95d725b4d591fc",
            "enable_dns_hostnames": false,
            "enable_dns_support": true,
            "enable_network_address_usage_metrics": false,
            "filter": null,
            "id": "vpc-0238c1e19117f994b",
            "instance_tenancy": "default",
            "ipv6_association_id": "",
            "ipv6_cidr_block": "",
            "main_route_table_id": "rtb-07eab77d4a0d16927",
            "owner_id": "301513182917",
            "state": null,
            "tags": {
              "Name": "my-vpc-02"
            },
            "timeouts": null
          },
          "sensitive_attributes": []
        }
      ]
    },
    {
      "module": "module.docker_host",
      "mode": "managed",
      "type": "aws_key_pair",
      "name": "generated_key",
      "provider": "provider[\"registry.terraform.io/hashicorp/aws\"]",
      "instances": [
        {
          "schema_version": 1,
          "attributes": {
            "arn": "arn:aws:ec2:us-east-1:301513182917:key-pair/terraform-generated-key",
            "fingerprint": "4e:ed:c3:79:a7:25:bc:06:dd:ea:e3:33:66:e7:ae:8a",
            "id": "terraform-generated-key",
            "key_name": "terraform-generated-key",
            "key_name_prefix": "",
            "key_pair_id": "key-0a37109edb323c8b2",
            "key_type": "rsa",
            "public_key": "ssh-rsa AAAAB3NzaC1yc2EAAAADAQABAAABAQDLmzzpJuGg4+5l8+HdvVHwwmR/sW6/FhbPLez9SF6TEsz8NQvp9c7/XMIgs8Jqe+E1O6W24mriixYG8b+N2fbtdzxjKIrliN+OEYNuVWh8AaW7lKIvK25aYs/AadDLRUsr07IDyg13EnC4IgSsoEVHCZd2NR/IsT5zFGfuHCnCEwRBpNQZGwP2V/mvWvqWRucTyTwwUbO5zueJmiJyvTSl55uU9s6zyPh1c3fJEfZlFCZXjrmINeiDvAO3ClTo+kD3aY3ejXKp4gNL0Zh+odpRhzjxtlk4HdGG35Yk2o6JSGPq4ZzuUDrNam9t8SgcqrJ8fN0M1DRuH/pedgtDQXW3",
            "tags": {},
            "tags_all": {}
          },
          "sensitive_attributes": [],
          "private": "eyJzY2hlbWFfdmVyc2lvbiI6IjEifQ==",
          "dependencies": [
            "module.docker_host.tls_private_key.mykey"
          ]
        }
      ]
    },
    {
      "module": "module.docker_host",
      "mode": "managed",
      "type": "aws_security_group",
      "name": "docker_sg",
      "provider": "provider[\"registry.terraform.io/hashicorp/aws\"]",
      "instances": [
        {
          "schema_version": 1,
          "attributes": {
            "arn": "arn:aws:ec2:us-east-1:301513182917:security-group/sg-07d884948ab519413",
            "description": "Allow SSH and Docker TCP",
            "egress": [
              {
                "cidr_blocks": [
                  "0.0.0.0/0"
                ],
                "description": "",
                "from_port": 0,
                "ipv6_cidr_blocks": [],
                "prefix_list_ids": [],
                "protocol": "-1",
                "security_groups": [],
                "self": false,
                "to_port": 0
              }
            ],
            "id": "sg-07d884948ab519413",
            "ingress": [
              {
                "cidr_blocks": [
                  "0.0.0.0/0"
                ],
                "description": "",
                "from_port": 22,
                "ipv6_cidr_blocks": [],
                "prefix_list_ids": [],
                "protocol": "tcp",
                "security_groups": [],
                "self": false,
                "to_port": 22
              },
              {
                "cidr_blocks": [
                  "0.0.0.0/0"
                ],
                "description": "",
                "from_port": 2375,
                "ipv6_cidr_blocks": [],
                "prefix_list_ids": [],
                "protocol": "tcp",
                "security_groups": [],
                "self": false,
                "to_port": 2375
              }
            ],
            "name": "docker_sg",
            "name_prefix": "",
            "owner_id": "301513182917",
            "revoke_rules_on_delete": false,
            "tags": {
              "Name": "docker-sg"
            },
            "tags_all": {
              "Name": "docker-sg"
            },
            "timeouts": null,
            "vpc_id": "vpc-0238c1e19117f994b"
          },
          "sensitive_attributes": [],
          "private": "eyJlMmJmYjczMC1lY2FhLTExZTYtOGY4OC0zNDM2M2JjN2M0YzAiOnsiY3JlYXRlIjo2MDAwMDAwMDAwMDAsImRlbGV0ZSI6OTAwMDAwMDAwMDAwfSwic2NoZW1hX3ZlcnNpb24iOiIxIn0="
        }
      ]
    },
    {
      "module": "module.docker_host",
      "mode": "managed",
      "type": "tls_private_key",
      "name": "mykey",
      "provider": "provider[\"registry.terraform.io/hashicorp/tls\"]",
      "instances": [
        {
          "schema_version": 1,
          "attributes": {
            "algorithm": "RSA",
            "ecdsa_curve": "P224",
            "id": "28a7919f8c71a322796c224a73cf189ec435dda4",
            "private_key_openssh": "-----BEGIN OPENSSH PRIVATE KEY-----\nb3BlbnNzaC1rZXktdjEAAAAABG5vbmUAAAAEbm9uZQAAAAAAAAABAAABFwAAAAdz\nc2gtcnNhAAAAAwEAAQAAAQEAy5s86SbhoOPuZfPh3b1R8MJkf7FuvxYWzy3s/Uhe\nkxLM/DUL6fXO/1zCILPCanvhNTultuJq4osWBvG/jdn27Xc8YyiK5YjfjhGDblVo\nfAGlu5SiLytuWmLPwGnQy0VLK9OyA8oNdxJwuCIErKBFRwmXdjUfyLE+cxRn7hwp\nwhMEQaTUGRsD9lf5r1r6lkbnE8k8MFGzuc7niZoicr00peeblPbOs8j4dXN3yRH2\nZRQmV465iDXog7wDtwpU6PpA92mN3o1yqeIDS9GYfqHaUYc48bZZOB3Rht+WJNqO\niUhj6uGc7lA6zWpvbfEoHKqyfHzdDNQ0bh/6XnYLQ0F1twAAA7hSuiqyUroqsgAA\nAAdzc2gtcnNhAAABAQDLmzzpJuGg4+5l8+HdvVHwwmR/sW6/FhbPLez9SF6TEsz8\nNQvp9c7/XMIgs8Jqe+E1O6W24mriixYG8b+N2fbtdzxjKIrliN+OEYNuVWh8AaW7\nlKIvK25aYs/AadDLRUsr07IDyg13EnC4IgSsoEVHCZd2NR/IsT5zFGfuHCnCEwRB\npNQZGwP2V/mvWvqWRucTyTwwUbO5zueJmiJyvTSl55uU9s6zyPh1c3fJEfZlFCZX\njrmINeiDvAO3ClTo+kD3aY3ejXKp4gNL0Zh+odpRhzjxtlk4HdGG35Yk2o6JSGPq\n4ZzuUDrNam9t8SgcqrJ8fN0M1DRuH/pedgtDQXW3AAAAAwEAAQAAAQAUIhshUPtx\nrehGg5m7k/t0y7wlVlXFpnkF7pwnJY9YirzjWZl+fpSD8tetZSkd33cTDP1jerso\nAKnicOhIrht5OtepVHp7nQ/CHCA7ek2VKZKKXHW3JVvJq0iw1aXUW9tFj67kKggv\n1I553r9IlKaVEjE8ep9UeJZcydFHHdjRPGPjU5XaswrQSoZWDe3mQgyXgQOEAFB4\nSukM3fvbjStH8Vpzti31HzacVNQtaEWZkeXzJbVdTURIEbP+NXGVrwd5Yn7DJuI4\ngKEigtzvZJxkirO3LWtr4U9aOCIz6hQ61yXY4XIfH0BYU9vZaJdAUxzfZkxyI25j\nLTlrYdGLjLlFAAAAgQDW1bZeAAmGtc6cB22B//8wFKgeJLNfb8CFjdQhL2VXKWTZ\nU6bU+7qGK2TeyvB1b+zwFzFxlmFWjtVOxOy0nocOaJW/E4wyn/gukeSnGTkQoAe5\nexI96xEmYa1znlyb08qdZWuuJtIaZ7Lag4HTd+qAOjRCn4p4zXtjPXySpFEMJgAA\nAIEA9Y9dCYLQq5SE0XQ/rIEKUxcr5zgy5/PnRIwgVX7Jhd48g0qSci0gFdsTjnwM\niQObGTteMm0WYKBd6Or2KsSrcy/8YFqaAb6Ly2KfuZq31B4HzAfKQebLgkG/gE2D\nywFdVbYHW9pCjNjqkRokzzvy35B8I9LEUKwqTigBioX6D1UAAACBANRDQglYpl4E\nlYb521Tevn1yuYlPbc2qPNTVBfLk8IyBruk9Y+uTHb74LV3ij/HXSn753/Xuer2A\nGMtC2PAWQo027N2ncFDEq01+av6Ku+msgweh7CV8yRsqC+b9ErG33CzXCnKr/MsQ\n1b3EJcGVjIpaqgAjLMP0EKE6BU3xjPjbAAAAAAEC\n-----END OPENSSH PRIVATE KEY-----\n",
            "private_key_pem": "-----BEGIN RSA PRIVATE KEY-----\nMIIEpAIBAAKCAQEAy5s86SbhoOPuZfPh3b1R8MJkf7FuvxYWzy3s/UhekxLM/DUL\n6fXO/1zCILPCanvhNTultuJq4osWBvG/jdn27Xc8YyiK5YjfjhGDblVofAGlu5Si\nLytuWmLPwGnQy0VLK9OyA8oNdxJwuCIErKBFRwmXdjUfyLE+cxRn7hwpwhMEQaTU\nGRsD9lf5r1r6lkbnE8k8MFGzuc7niZoicr00peeblPbOs8j4dXN3yRH2ZRQmV465\niDXog7wDtwpU6PpA92mN3o1yqeIDS9GYfqHaUYc48bZZOB3Rht+WJNqOiUhj6uGc\n7lA6zWpvbfEoHKqyfHzdDNQ0bh/6XnYLQ0F1twIDAQABAoIBABQiGyFQ+3Gt6EaD\nmbuT+3TLvCVWVcWmeQXunCclj1iKvONZmX5+lIPy161lKR3fdxMM/WN6uygAqeJw\n6EiuG3k616lUenudD8IcIDt6TZUpkopcdbclW8mrSLDVpdRb20WPruQqCC/Ujnne\nv0iUppUSMTx6n1R4llzJ0Ucd2NE8Y+NTldqzCtBKhlYN7eZCDJeBA4QAUHhK6Qzd\n+9uNK0fxWnO2LfUfNpxU1C1oRZmR5fMltV1NREgRs/41cZWvB3lifsMm4jiAoSKC\n3O9knGSKs7cta2vhT1o4IjPqFDrXJdjhch8fQFhT29lol0BTHN9mTHIjbmMtOWth\n0YuMuUUCgYEA9Y9dCYLQq5SE0XQ/rIEKUxcr5zgy5/PnRIwgVX7Jhd48g0qSci0g\nFdsTjnwMiQObGTteMm0WYKBd6Or2KsSrcy/8YFqaAb6Ly2KfuZq31B4HzAfKQebL\ngkG/gE2DywFdVbYHW9pCjNjqkRokzzvy35B8I9LEUKwqTigBioX6D1UCgYEA1ENC\nCVimXgSVhvnbVN6+fXK5iU9tzao81NUF8uTwjIGu6T1j65MdvvgtXeKP8ddKfvnf\n9e56vYAYy0LY8BZCjTbs3adwUMSrTX5q/oq76ayDB6HsJXzJGyoL5v0SsbfcLNcK\ncqv8yxDVvcQlwZWMilqqACMsw/QQoToFTfGM+NsCgYB2yLDCpwr11NQi1c7vTUSH\nSRAtuxu05GEc4YPKl5g4L3aqM+p/XKDGscDWDd+qb5oZLIS2c9p9R1XmE7KcoaIm\nCDJXEbyp11icO8rz54nBC/3Njn8iPdh33AIcuGJmUvSpP3Jz1jKXG17sbe8cZ+1m\ng+fpFE1ukLmuMN/9+C0sOQKBgQDKh7JGwLNdGfqiY10HydDwWbr2bTdT+Y85dFjM\nve1X45VFLzJb4G+Ne7et0TOPieCm7zzmp7mtfsApkYr06ghuPW4cwFrGdiENPAZT\nAYTzHYuYiMONsVch+CiLKgXgVJJcpoJtj/UQvOt0uedcopkKmh+DKgzYm9QSQg41\npLjh6QKBgQDW1bZeAAmGtc6cB22B//8wFKgeJLNfb8CFjdQhL2VXKWTZU6bU+7qG\nK2TeyvB1b+zwFzFxlmFWjtVOxOy0nocOaJW/E4wyn/gukeSnGTkQoAe5exI96xEm\nYa1znlyb08qdZWuuJtIaZ7Lag4HTd+qAOjRCn4p4zXtjPXySpFEMJg==\n-----END RSA PRIVATE KEY-----\n",
            "private_key_pem_pkcs8": "-----BEGIN PRIVATE KEY-----\nMIIEvgIBADANBgkqhkiG9w0BAQEFAASCBKgwggSkAgEAAoIBAQDLmzzpJuGg4+5l\n8+HdvVHwwmR/sW6/FhbPLez9SF6TEsz8NQvp9c7/XMIgs8Jqe+E1O6W24mriixYG\n8b+N2fbtdzxjKIrliN+OEYNuVWh8AaW7lKIvK25aYs/AadDLRUsr07IDyg13EnC4\nIgSsoEVHCZd2NR/IsT5zFGfuHCnCEwRBpNQZGwP2V/mvWvqWRucTyTwwUbO5zueJ\nmiJyvTSl55uU9s6zyPh1c3fJEfZlFCZXjrmINeiDvAO3ClTo+kD3aY3ejXKp4gNL\n0Zh+odpRhzjxtlk4HdGG35Yk2o6JSGPq4ZzuUDrNam9t8SgcqrJ8fN0M1DRuH/pe\ndgtDQXW3AgMBAAECggEAFCIbIVD7ca3oRoOZu5P7dMu8JVZVxaZ5Be6cJyWPWIq8\n41mZfn6Ug/LXrWUpHd93Ewz9Y3q7KACp4nDoSK4beTrXqVR6e50PwhwgO3pNlSmS\nilx1tyVbyatIsNWl1FvbRY+u5CoIL9SOed6/SJSmlRIxPHqfVHiWXMnRRx3Y0Txj\n41OV2rMK0EqGVg3t5kIMl4EDhABQeErpDN37240rR/Fac7Yt9R82nFTULWhFmZHl\n8yW1XU1ESBGz/jVxla8HeWJ+wybiOIChIoLc72ScZIqzty1ra+FPWjgiM+oUOtcl\n2OFyHx9AWFPb2WiXQFMc32ZMciNuYy05a2HRi4y5RQKBgQD1j10JgtCrlITRdD+s\ngQpTFyvnODLn8+dEjCBVfsmF3jyDSpJyLSAV2xOOfAyJA5sZO14ybRZgoF3o6vYq\nxKtzL/xgWpoBvovLYp+5mrfUHgfMB8pB5suCQb+ATYPLAV1Vtgdb2kKM2OqRGiTP\nO/LfkHwj0sRQrCpOKAGKhfoPVQKBgQDUQ0IJWKZeBJWG+dtU3r59crmJT23NqjzU\n1QXy5PCMga7pPWPrkx2++C1d4o/x10p++d/17nq9gBjLQtjwFkKNNuzdp3BQxKtN\nfmr+irvprIMHoewlfMkbKgvm/RKxt9ws1wpyq/zLENW9xCXBlYyKWqoAIyzD9BCh\nOgVN8Yz42wKBgHbIsMKnCvXU1CLVzu9NRIdJEC27G7TkYRzhg8qXmDgvdqoz6n9c\noMaxwNYN36pvmhkshLZz2n1HVeYTspyhoiYIMlcRvKnXWJw7yvPnicEL/c2OfyI9\n2HfcAhy4YmZS9Kk/cnPWMpcbXuxt7xxn7WaD5+kUTW6Qua4w3/34LSw5AoGBAMqH\nskbAs10Z+qJjXQfJ0PBZuvZtN1P5jzl0WMy97VfjlUUvMlvgb417t63RM4+J4Kbv\nPOanua1+wCmRivTqCG49bhzAWsZ2IQ08BlMBhPMdi5iIw42xVyH4KIsqBeBUklym\ngm2P9RC863S551yimQqaH4MqDNib1BJCDjWkuOHpAoGBANbVtl4ACYa1zpwHbYH/\n/zAUqB4ks19vwIWN1CEvZVcpZNlTptT7uoYrZN7K8HVv7PAXMXGWYVaO1U7E7LSe\nhw5olb8TjDKf+C6R5KcZORCgB7l7Ej3rESZhrXOeXJvTyp1la64m0hpnstqDgdN3\n6oA6NEKfinjNe2M9fJKkUQwm\n-----END PRIVATE KEY-----\n",
            "public_key_fingerprint_md5": "ad:4d:66:22:13:dc:f4:2e:09:8b:59:d8:98:fd:8b:b5",
            "public_key_fingerprint_sha256": "SHA256:UR/Mm3VBUkhbOErSagkrN5yp34NHHNcg3fW2yBhbq78",
            "public_key_openssh": "ssh-rsa AAAAB3NzaC1yc2EAAAADAQABAAABAQDLmzzpJuGg4+5l8+HdvVHwwmR/sW6/FhbPLez9SF6TEsz8NQvp9c7/XMIgs8Jqe+E1O6W24mriixYG8b+N2fbtdzxjKIrliN+OEYNuVWh8AaW7lKIvK25aYs/AadDLRUsr07IDyg13EnC4IgSsoEVHCZd2NR/IsT5zFGfuHCnCEwRBpNQZGwP2V/mvWvqWRucTyTwwUbO5zueJmiJyvTSl55uU9s6zyPh1c3fJEfZlFCZXjrmINeiDvAO3ClTo+kD3aY3ejXKp4gNL0Zh+odpRhzjxtlk4HdGG35Yk2o6JSGPq4ZzuUDrNam9t8SgcqrJ8fN0M1DRuH/pedgtDQXW3\n",
            "public_key_pem": "-----BEGIN PUBLIC KEY-----\nMIIBIjANBgkqhkiG9w0BAQEFAAOCAQ8AMIIBCgKCAQEAy5s86SbhoOPuZfPh3b1R\n8MJkf7FuvxYWzy3s/UhekxLM/DUL6fXO/1zCILPCanvhNTultuJq4osWBvG/jdn2\n7Xc8YyiK5YjfjhGDblVofAGlu5SiLytuWmLPwGnQy0VLK9OyA8oNdxJwuCIErKBF\nRwmXdjUfyLE+cxRn7hwpwhMEQaTUGRsD9lf5r1r6lkbnE8k8MFGzuc7niZoicr00\npeeblPbOs8j4dXN3yRH2ZRQmV465iDXog7wDtwpU6PpA92mN3o1yqeIDS9GYfqHa\nUYc48bZZOB3Rht+WJNqOiUhj6uGc7lA6zWpvbfEoHKqyfHzdDNQ0bh/6XnYLQ0F1\ntwIDAQAB\n-----END PUBLIC KEY-----\n",
            "rsa_bits": 2048
          },
          "sensitive_attributes": [
            [
              {
                "type": "get_attr",
                "value": "private_key_pem"
              }
            ],
            [
              {
                "type": "get_attr",
                "value": "private_key_openssh"
              }
            ],
            [
              {
                "type": "get_attr",
                "value": "private_key_pem_pkcs8"
              }
            ]
          ]
        }
      ]
    }
  ],
  "check_results": null
}
